
Microsoft Visual Studio Solution File, Format Version 12.00
# Visual Studio 14
VisualStudioVersion = 14.0.25420.1
MinimumVisualStudioVersion = 10.0.40219.1
Project("{2150E333-8FDC-42A3-9474-1A3956D46DE8}") = "src", "src", "{E56A5B6D-FF32-4102-8E48-2972EB0398B5}"
EndProject
Project("{2150E333-8FDC-42A3-9474-1A3956D46DE8}") = "Solution Items", "Solution Items", "{00CF818A-1AAA-46C7-8598-4394CEFACD39}"
	ProjectSection(SolutionItems) = preProject
		global.json = global.json
	EndProjectSection
EndProject
Project("{8BB2217D-0F2D-49D1-97BC-3654ED321F3B}") = "MovieTest", "src\MovieTest\MovieTest.xproj", "{870699BE-A420-49DC-A6E9-6C35E6F5132F}"
EndProject
Global
	GlobalSection(SolutionConfigurationPlatforms) = preSolution
		Debug|Any CPU = Debug|Any CPU
		Release|Any CPU = Release|Any CPU
	EndGlobalSection
	GlobalSection(ProjectConfigurationPlatforms) = postSolution
		{870699BE-A420-49DC-A6E9-6C35E6F5132F}.Debug|Any CPU.ActiveCfg = Debug|Any CPU
		{870699BE-A420-49DC-A6E9-6C35E6F5132F}.Debug|Any CPU.Build.0 = Debug|Any CPU
		{870699BE-A420-49DC-A6E9-6C35E6F5132F}.Release|Any CPU.ActiveCfg = Release|Any CPU
		{870699BE-A420-49DC-A6E9-6C35E6F5132F}.Release|Any CPU.Build.0 = Release|Any CPU
	EndGlobalSection
	GlobalSection(SolutionProperties) = preSolution
		HideSolutionNode = FALSE
	EndGlobalSection
	GlobalSection(NestedProjects) = preSolution
		{870699BE-A420-49DC-A6E9-6C35E6F5132F} = {E56A5B6D-FF32-4102-8E48-2972EB0398B5}
	EndGlobalSection
EndGlobal
